
Microsoft Visual Studio Solution File, Format Version 12.00
# Visual Studio Version 17
VisualStudioVersion = 17.7.34202.233
MinimumVisualStudioVersion = 10.0.40219.1
Project("{9A19103F-16F7-4668-BE54-9A1E7A4F7556}") = "ToDoCore", "ToDoCore\ToDoCore.csproj", "{C81E3A1F-A014-4F32-B873-5676F84071FB}"
EndProject
Project("{9A19103F-16F7-4668-BE54-9A1E7A4F7556}") = "ToDoTest", "ToDoTest\ToDoTest.csproj", "{2A5B6743-BF85-4DAC-B181-39951C5164C1}"
EndProject
Global
	GlobalSection(SolutionConfigurationPlatforms) = preSolution
		Debug|Any CPU = Debug|Any CPU
		Release|Any CPU = Release|Any CPU
	EndGlobalSection
	GlobalSection(ProjectConfigurationPlatforms) = postSolution
		{C81E3A1F-A014-4F32-B873-5676F84071FB}.Debug|Any CPU.ActiveCfg = Debug|Any CPU
		{C81E3A1F-A014-4F32-B873-5676F84071FB}.Debug|Any CPU.Build.0 = Debug|Any CPU
		{C81E3A1F-A014-4F32-B873-5676F84071FB}.Release|Any CPU.ActiveCfg = Release|Any CPU
		{C81E3A1F-A014-4F32-B873-5676F84071FB}.Release|Any CPU.Build.0 = Release|Any CPU
		{2A5B6743-BF85-4DAC-B181-39951C5164C1}.Debug|Any CPU.ActiveCfg = Debug|Any CPU
		{2A5B6743-BF85-4DAC-B181-39951C5164C1}.Debug|Any CPU.Build.0 = Debug|Any CPU
		{2A5B6743-BF85-4DAC-B181-39951C5164C1}.Release|Any CPU.ActiveCfg = Release|Any CPU
		{2A5B6743-BF85-4DAC-B181-39951C5164C1}.Release|Any CPU.Build.0 = Release|Any CPU
	EndGlobalSection
	GlobalSection(SolutionProperties) = preSolution
		HideSolutionNode = FALSE
	EndGlobalSection
	GlobalSection(ExtensibilityGlobals) = postSolution
		SolutionGuid = {F1AA0DD4-4819-4504-AF3C-C8244BDC91B3}
	EndGlobalSection
EndGlobal
